
Microsoft Visual Studio Solution File, Format Version 12.00
# Visual Studio Version 16
VisualStudioVersion = 16.0.29123.88
MinimumVisualStudioVersion = 15.0.26124.0
Project("{2150E333-8FDC-42A3-9474-1A3956D46DE8}") = "Src", "Src", "{064277DB-09B8-4CBE-81C7-A92BAB11C260}"
EndProject
Project("{2150E333-8FDC-42A3-9474-1A3956D46DE8}") = "Clients", "Clients", "{B1CA34A8-CC1A-44A1-B3D3-79CBBC29F7D8}"
EndProject
Project("{9A19103F-16F7-4668-BE54-9A1E7A4F7556}") = "Lanre.Clients.Host", "Src\Clients\Lanre.Clients.Host\Lanre.Clients.Host.csproj", "{6BA03C64-1EB6-46E9-A526-1A906BF6F9D9}"
EndProject
Project("{2150E333-8FDC-42A3-9474-1A3956D46DE8}") = "_configuration", "_configuration", "{FB5281D3-46AB-43A1-AE99-3194B3E8CB39}"
	ProjectSection(SolutionItems) = preProject
		Src\_configuration\dependencies.props = Src\_configuration\dependencies.props
		Src\_configuration\stylecop.json = Src\_configuration\stylecop.json
	EndProjectSection
EndProject
Project("{2150E333-8FDC-42A3-9474-1A3956D46DE8}") = "Infrastructure", "Infrastructure", "{0429A6DA-0C19-4F56-8C00-B164B4B52765}"
EndProject
Project("{9A19103F-16F7-4668-BE54-9A1E7A4F7556}") = "Lanre.Infrastructure", "Src\Infrastructure\Lanre.Infrastructure\Lanre.Infrastructure.csproj", "{5BA12AF1-A398-46E9-9592-23023EA18CA2}"
EndProject
Project("{9A19103F-16F7-4668-BE54-9A1E7A4F7556}") = "Lanre.Clients.Api", "Src\Clients\Lanre.Clients.Api\Lanre.Clients.Api.csproj", "{251D146F-A424-42EB-9F40-91611778F704}"
EndProject
Project("{2150E333-8FDC-42A3-9474-1A3956D46DE8}") = "Tests", "Tests", "{0E7595D8-0E25-43CC-A371-E80B15BF717F}"
EndProject
Project("{9A19103F-16F7-4668-BE54-9A1E7A4F7556}") = "Lanre.Tests.Integration", "Src\Tests\Lanre.Tests.Integration\Lanre.Tests.Integration.csproj", "{05813631-3246-4527-8AFB-092EE6C9B76B}"
EndProject
Project("{9A19103F-16F7-4668-BE54-9A1E7A4F7556}") = "Lanre.Tests.Core", "Src\Tests\Lanre.Tests.Core\Lanre.Tests.Core.csproj", "{FFAC1948-692E-4E51-A466-48D466D82216}"
EndProject
Project("{9A19103F-16F7-4668-BE54-9A1E7A4F7556}") = "Lanre.Tests.Unit", "Src\Tests\Lanre.Tests.Unit\Lanre.Tests.Unit.csproj", "{3F985BA0-8134-4E32-8CC3-37E51B250506}"
EndProject
Project("{2150E333-8FDC-42A3-9474-1A3956D46DE8}") = "Data", "Data", "{A18AE81F-C8D2-4950-B011-7551B2C16C73}"
EndProject
Project("{9A19103F-16F7-4668-BE54-9A1E7A4F7556}") = "Lanre.Data", "Src\Data\Lanre.Data\Lanre.Data.csproj", "{1A4489DB-3C45-468A-89EF-0B89FE456FF0}"
EndProject
Project("{2150E333-8FDC-42A3-9474-1A3956D46DE8}") = "Domain", "Domain", "{57BFAD88-0436-438C-AF7A-D13F0D4C3870}"
EndProject
Project("{9A19103F-16F7-4668-BE54-9A1E7A4F7556}") = "Lanre.Domain", "Src\Domain\Lanre.Domain\Lanre.Domain.csproj", "{E9BC82AE-F9A0-4ED2-ABD0-FD52F779E4F0}"
EndProject
Project("{2150E333-8FDC-42A3-9474-1A3956D46DE8}") = "Application", "Application", "{131248C9-F698-440F-A1CE-268F122FB302}"
EndProject
Project("{9A19103F-16F7-4668-BE54-9A1E7A4F7556}") = "Lanre.Application", "Src\Application\Lanre.Application\Lanre.Application.csproj", "{0E5A371E-8190-4070-AF05-70464487A543}"
EndProject
Project("{E53339B2-1760-4266-BCC7-CA923CBCF16C}") = "docker-compose", "docker-compose.dcproj", "{36F253BF-B5D3-49A2-8E02-18DBEAAB1437}"
EndProject
Global
	GlobalSection(SolutionConfigurationPlatforms) = preSolution
		Debug|Any CPU = Debug|Any CPU
		Debug|x64 = Debug|x64
		Debug|x86 = Debug|x86
		Release|Any CPU = Release|Any CPU
		Release|x64 = Release|x64
		Release|x86 = Release|x86
	EndGlobalSection
	GlobalSection(ProjectConfigurationPlatforms) = postSolution
		{6BA03C64-1EB6-46E9-A526-1A906BF6F9D9}.Debug|Any CPU.ActiveCfg = Debug|Any CPU
		{6BA03C64-1EB6-46E9-A526-1A906BF6F9D9}.Debug|Any CPU.Build.0 = Debug|Any CPU
		{6BA03C64-1EB6-46E9-A526-1A906BF6F9D9}.Debug|x64.ActiveCfg = Debug|Any CPU
		{6BA03C64-1EB6-46E9-A526-1A906BF6F9D9}.Debug|x64.Build.0 = Debug|Any CPU
		{6BA03C64-1EB6-46E9-A526-1A906BF6F9D9}.Debug|x86.ActiveCfg = Debug|Any CPU
		{6BA03C64-1EB6-46E9-A526-1A906BF6F9D9}.Debug|x86.Build.0 = Debug|Any CPU
		{6BA03C64-1EB6-46E9-A526-1A906BF6F9D9}.Release|Any CPU.ActiveCfg = Release|Any CPU
		{6BA03C64-1EB6-46E9-A526-1A906BF6F9D9}.Release|Any CPU.Build.0 = Release|Any CPU
		{6BA03C64-1EB6-46E9-A526-1A906BF6F9D9}.Release|x64.ActiveCfg = Release|Any CPU
		{6BA03C64-1EB6-46E9-A526-1A906BF6F9D9}.Release|x64.Build.0 = Release|Any CPU
		{6BA03C64-1EB6-46E9-A526-1A906BF6F9D9}.Release|x86.ActiveCfg = Release|Any CPU
		{6BA03C64-1EB6-46E9-A526-1A906BF6F9D9}.Release|x86.Build.0 = Release|Any CPU
		{5BA12AF1-A398-46E9-9592-23023EA18CA2}.Debug|Any CPU.ActiveCfg = Debug|Any CPU
		{5BA12AF1-A398-46E9-9592-23023EA18CA2}.Debug|Any CPU.Build.0 = Debug|Any CPU
		{5BA12AF1-A398-46E9-9592-23023EA18CA2}.Debug|x64.ActiveCfg = Debug|Any CPU
		{5BA12AF1-A398-46E9-9592-23023EA18CA2}.Debug|x64.Build.0 = Debug|Any CPU
		{5BA12AF1-A398-46E9-9592-23023EA18CA2}.Debug|x86.ActiveCfg = Debug|Any CPU
		{5BA12AF1-A398-46E9-9592-23023EA18CA2}.Debug|x86.Build.0 = Debug|Any CPU
		{5BA12AF1-A398-46E9-9592-23023EA18CA2}.Release|Any CPU.ActiveCfg = Release|Any CPU
		{5BA12AF1-A398-46E9-9592-23023EA18CA2}.Release|Any CPU.Build.0 = Release|Any CPU
		{5BA12AF1-A398-46E9-9592-23023EA18CA2}.Release|x64.ActiveCfg = Release|Any CPU
		{5BA12AF1-A398-46E9-9592-23023EA18CA2}.Release|x64.Build.0 = Release|Any CPU
		{5BA12AF1-A398-46E9-9592-23023EA18CA2}.Release|x86.ActiveCfg = Release|Any CPU
		{5BA12AF1-A398-46E9-9592-23023EA18CA2}.Release|x86.Build.0 = Release|Any CPU
		{251D146F-A424-42EB-9F40-91611778F704}.Debug|Any CPU.ActiveCfg = Debug|Any CPU
		{251D146F-A424-42EB-9F40-91611778F704}.Debug|Any CPU.Build.0 = Debug|Any CPU
		{251D146F-A424-42EB-9F40-91611778F704}.Debug|x64.ActiveCfg = Debug|Any CPU
		{251D146F-A424-42EB-9F40-91611778F704}.Debug|x64.Build.0 = Debug|Any CPU
		{251D146F-A424-42EB-9F40-91611778F704}.Debug|x86.ActiveCfg = Debug|Any CPU
		{251D146F-A424-42EB-9F40-91611778F704}.Debug|x86.Build.0 = Debug|Any CPU
		{251D146F-A424-42EB-9F40-91611778F704}.Release|Any CPU.ActiveCfg = Release|Any CPU
		{251D146F-A424-42EB-9F40-91611778F704}.Release|Any CPU.Build.0 = Release|Any CPU
		{251D146F-A424-42EB-9F40-91611778F704}.Release|x64.ActiveCfg = Release|Any CPU
		{251D146F-A424-42EB-9F40-91611778F704}.Release|x64.Build.0 = Release|Any CPU
		{251D146F-A424-42EB-9F40-91611778F704}.Release|x86.ActiveCfg = Release|Any CPU
		{251D146F-A424-42EB-9F40-91611778F704}.Release|x86.Build.0 = Release|Any CPU
		{05813631-3246-4527-8AFB-092EE6C9B76B}.Debug|Any CPU.ActiveCfg = Debug|Any CPU
		{05813631-3246-4527-8AFB-092EE6C9B76B}.Debug|Any CPU.Build.0 = Debug|Any CPU
		{05813631-3246-4527-8AFB-092EE6C9B76B}.Debug|x64.ActiveCfg = Debug|Any CPU
		{05813631-3246-4527-8AFB-092EE6C9B76B}.Debug|x64.Build.0 = Debug|Any CPU
		{05813631-3246-4527-8AFB-092EE6C9B76B}.Debug|x86.ActiveCfg = Debug|Any CPU
		{05813631-3246-4527-8AFB-092EE6C9B76B}.Debug|x86.Build.0 = Debug|Any CPU
		{05813631-3246-4527-8AFB-092EE6C9B76B}.Release|Any CPU.ActiveCfg = Release|Any CPU
		{05813631-3246-4527-8AFB-092EE6C9B76B}.Release|Any CPU.Build.0 = Release|Any CPU
		{05813631-3246-4527-8AFB-092EE6C9B76B}.Release|x64.ActiveCfg = Release|Any CPU
		{05813631-3246-4527-8AFB-092EE6C9B76B}.Release|x64.Build.0 = Release|Any CPU
		{05813631-3246-4527-8AFB-092EE6C9B76B}.Release|x86.ActiveCfg = Release|Any CPU
		{05813631-3246-4527-8AFB-092EE6C9B76B}.Release|x86.Build.0 = Release|Any CPU
		{FFAC1948-692E-4E51-A466-48D466D82216}.Debug|Any CPU.ActiveCfg = Debug|Any CPU
		{FFAC1948-692E-4E51-A466-48D466D82216}.Debug|Any CPU.Build.0 = Debug|Any CPU
		{FFAC1948-692E-4E51-A466-48D466D82216}.Debug|x64.ActiveCfg = Debug|Any CPU
		{FFAC1948-692E-4E51-A466-48D466D82216}.Debug|x64.Build.0 = Debug|Any CPU
		{FFAC1948-692E-4E51-A466-48D466D82216}.Debug|x86.ActiveCfg = Debug|Any CPU
		{FFAC1948-692E-4E51-A466-48D466D82216}.Debug|x86.Build.0 = Debug|Any CPU
		{FFAC1948-692E-4E51-A466-48D466D82216}.Release|Any CPU.ActiveCfg = Release|Any CPU
		{FFAC1948-692E-4E51-A466-48D466D82216}.Release|Any CPU.Build.0 = Release|Any CPU
		{FFAC1948-692E-4E51-A466-48D466D82216}.Release|x64.ActiveCfg = Release|Any CPU
		{FFAC1948-692E-4E51-A466-48D466D82216}.Release|x64.Build.0 = Release|Any CPU
		{FFAC1948-692E-4E51-A466-48D466D82216}.Release|x86.ActiveCfg = Release|Any CPU
		{FFAC1948-692E-4E51-A466-48D466D82216}.Release|x86.Build.0 = Release|Any CPU
		{3F985BA0-8134-4E32-8CC3-37E51B250506}.Debug|Any CPU.ActiveCfg = Debug|Any CPU
		{3F985BA0-8134-4E32-8CC3-37E51B250506}.Debug|Any CPU.Build.0 = Debug|Any CPU
		{3F985BA0-8134-4E32-8CC3-37E51B250506}.Debug|x64.ActiveCfg = Debug|Any CPU
		{3F985BA0-8134-4E32-8CC3-37E51B250506}.Debug|x64.Build.0 = Debug|Any CPU
		{3F985BA0-8134-4E32-8CC3-37E51B250506}.Debug|x86.ActiveCfg = Debug|Any CPU
		{3F985BA0-8134-4E32-8CC3-37E51B250506}.Debug|x86.Build.0 = Debug|Any CPU
		{3F985BA0-8134-4E32-8CC3-37E51B250506}.Release|Any CPU.ActiveCfg = Release|Any CPU
		{3F985BA0-8134-4E32-8CC3-37E51B250506}.Release|Any CPU.Build.0 = Release|Any CPU
		{3F985BA0-8134-4E32-8CC3-37E51B250506}.Release|x64.ActiveCfg = Release|Any CPU
		{3F985BA0-8134-4E32-8CC3-37E51B250506}.Release|x64.Build.0 = Release|Any CPU
		{3F985BA0-8134-4E32-8CC3-37E51B250506}.Release|x86.ActiveCfg = Release|Any CPU
		{3F985BA0-8134-4E32-8CC3-37E51B250506}.Release|x86.Build.0 = Release|Any CPU
		{1A4489DB-3C45-468A-89EF-0B89FE456FF0}.Debug|Any CPU.ActiveCfg = Debug|Any CPU
		{1A4489DB-3C45-468A-89EF-0B89FE456FF0}.Debug|Any CPU.Build.0 = Debug|Any CPU
		{1A4489DB-3C45-468A-89EF-0B89FE456FF0}.Debug|x64.ActiveCfg = Debug|Any CPU
		{1A4489DB-3C45-468A-89EF-0B89FE456FF0}.Debug|x64.Build.0 = Debug|Any CPU
		{1A4489DB-3C45-468A-89EF-0B89FE456FF0}.Debug|x86.ActiveCfg = Debug|Any CPU
		{1A4489DB-3C45-468A-89EF-0B89FE456FF0}.Debug|x86.Build.0 = Debug|Any CPU
		{1A4489DB-3C45-468A-89EF-0B89FE456FF0}.Release|Any CPU.ActiveCfg = Release|Any CPU
		{1A4489DB-3C45-468A-89EF-0B89FE456FF0}.Release|Any CPU.Build.0 = Release|Any CPU
		{1A4489DB-3C45-468A-89EF-0B89FE456FF0}.Release|x64.ActiveCfg = Release|Any CPU
		{1A4489DB-3C45-468A-89EF-0B89FE456FF0}.Release|x64.Build.0 = Release|Any CPU
		{1A4489DB-3C45-468A-89EF-0B89FE456FF0}.Release|x86.ActiveCfg = Release|Any CPU
		{1A4489DB-3C45-468A-89EF-0B89FE456FF0}.Release|x86.Build.0 = Release|Any CPU
		{E9BC82AE-F9A0-4ED2-ABD0-FD52F779E4F0}.Debug|Any CPU.ActiveCfg = Debug|Any CPU
		{E9BC82AE-F9A0-4ED2-ABD0-FD52F779E4F0}.Debug|Any CPU.Build.0 = Debug|Any CPU
		{E9BC82AE-F9A0-4ED2-ABD0-FD52F779E4F0}.Debug|x64.ActiveCfg = Debug|Any CPU
		{E9BC82AE-F9A0-4ED2-ABD0-FD52F779E4F0}.Debug|x64.Build.0 = Debug|Any CPU
		{E9BC82AE-F9A0-4ED2-ABD0-FD52F779E4F0}.Debug|x86.ActiveCfg = Debug|Any CPU
		{E9BC82AE-F9A0-4ED2-ABD0-FD52F779E4F0}.Debug|x86.Build.0 = Debug|Any CPU
		{E9BC82AE-F9A0-4ED2-ABD0-FD52F779E4F0}.Release|Any CPU.ActiveCfg = Release|Any CPU
		{E9BC82AE-F9A0-4ED2-ABD0-FD52F779E4F0}.Release|Any CPU.Build.0 = Release|Any CPU
		{E9BC82AE-F9A0-4ED2-ABD0-FD52F779E4F0}.Release|x64.ActiveCfg = Release|Any CPU
		{E9BC82AE-F9A0-4ED2-ABD0-FD52F779E4F0}.Release|x64.Build.0 = Release|Any CPU
		{E9BC82AE-F9A0-4ED2-ABD0-FD52F779E4F0}.Release|x86.ActiveCfg = Release|Any CPU
		{E9BC82AE-F9A0-4ED2-ABD0-FD52F779E4F0}.Release|x86.Build.0 = Release|Any CPU
		{0E5A371E-8190-4070-AF05-70464487A543}.Debug|Any CPU.ActiveCfg = Debug|Any CPU
		{0E5A371E-8190-4070-AF05-70464487A543}.Debug|Any CPU.Build.0 = Debug|Any CPU
		{0E5A371E-8190-4070-AF05-70464487A543}.Debug|x64.ActiveCfg = Debug|Any CPU
		{0E5A371E-8190-4070-AF05-70464487A543}.Debug|x64.Build.0 = Debug|Any CPU
		{0E5A371E-8190-4070-AF05-70464487A543}.Debug|x86.ActiveCfg = Debug|Any CPU
		{0E5A371E-8190-4070-AF05-70464487A543}.Debug|x86.Build.0 = Debug|Any CPU
		{0E5A371E-8190-4070-AF05-70464487A543}.Release|Any CPU.ActiveCfg = Release|Any CPU
		{0E5A371E-8190-4070-AF05-70464487A543}.Release|Any CPU.Build.0 = Release|Any CPU
		{0E5A371E-8190-4070-AF05-70464487A543}.Release|x64.ActiveCfg = Release|Any CPU
		{0E5A371E-8190-4070-AF05-70464487A543}.Release|x64.Build.0 = Release|Any CPU
		{0E5A371E-8190-4070-AF05-70464487A543}.Release|x86.ActiveCfg = Release|Any CPU
		{0E5A371E-8190-4070-AF05-70464487A543}.Release|x86.Build.0 = Release|Any CPU
		{36F253BF-B5D3-49A2-8E02-18DBEAAB1437}.Debug|Any CPU.ActiveCfg = Debug|Any CPU
		{36F253BF-B5D3-49A2-8E02-18DBEAAB1437}.Debug|Any CPU.Build.0 = Debug|Any CPU
		{36F253BF-B5D3-49A2-8E02-18DBEAAB1437}.Debug|x64.ActiveCfg = Debug|Any CPU
		{36F253BF-B5D3-49A2-8E02-18DBEAAB1437}.Debug|x64.Build.0 = Debug|Any CPU
		{36F253BF-B5D3-49A2-8E02-18DBEAAB1437}.Debug|x86.ActiveCfg = Debug|Any CPU
		{36F253BF-B5D3-49A2-8E02-18DBEAAB1437}.Debug|x86.Build.0 = Debug|Any CPU
		{36F253BF-B5D3-49A2-8E02-18DBEAAB1437}.Release|Any CPU.ActiveCfg = Release|Any CPU
		{36F253BF-B5D3-49A2-8E02-18DBEAAB1437}.Release|Any CPU.Build.0 = Release|Any CPU
		{36F253BF-B5D3-49A2-8E02-18DBEAAB1437}.Release|x64.ActiveCfg = Release|Any CPU
		{36F253BF-B5D3-49A2-8E02-18DBEAAB1437}.Release|x64.Build.0 = Release|Any CPU
		{36F253BF-B5D3-49A2-8E02-18DBEAAB1437}.Release|x86.ActiveCfg = Release|Any CPU
		{36F253BF-B5D3-49A2-8E02-18DBEAAB1437}.Release|x86.Build.0 = Release|Any CPU
	EndGlobalSection
	GlobalSection(SolutionProperties) = preSolution
		HideSolutionNode = FALSE
	EndGlobalSection
	GlobalSection(NestedProjects) = preSolution
		{B1CA34A8-CC1A-44A1-B3D3-79CBBC29F7D8} = {064277DB-09B8-4CBE-81C7-A92BAB11C260}
		{6BA03C64-1EB6-46E9-A526-1A906BF6F9D9} = {B1CA34A8-CC1A-44A1-B3D3-79CBBC29F7D8}
		{FB5281D3-46AB-43A1-AE99-3194B3E8CB39} = {064277DB-09B8-4CBE-81C7-A92BAB11C260}
		{0429A6DA-0C19-4F56-8C00-B164B4B52765} = {064277DB-09B8-4CBE-81C7-A92BAB11C260}
		{5BA12AF1-A398-46E9-9592-23023EA18CA2} = {0429A6DA-0C19-4F56-8C00-B164B4B52765}
		{251D146F-A424-42EB-9F40-91611778F704} = {B1CA34A8-CC1A-44A1-B3D3-79CBBC29F7D8}
		{0E7595D8-0E25-43CC-A371-E80B15BF717F} = {064277DB-09B8-4CBE-81C7-A92BAB11C260}
		{05813631-3246-4527-8AFB-092EE6C9B76B} = {0E7595D8-0E25-43CC-A371-E80B15BF717F}
		{FFAC1948-692E-4E51-A466-48D466D82216} = {0E7595D8-0E25-43CC-A371-E80B15BF717F}
		{3F985BA0-8134-4E32-8CC3-37E51B250506} = {0E7595D8-0E25-43CC-A371-E80B15BF717F}
		{A18AE81F-C8D2-4950-B011-7551B2C16C73} = {064277DB-09B8-4CBE-81C7-A92BAB11C260}
		{1A4489DB-3C45-468A-89EF-0B89FE456FF0} = {A18AE81F-C8D2-4950-B011-7551B2C16C73}
		{57BFAD88-0436-438C-AF7A-D13F0D4C3870} = {064277DB-09B8-4CBE-81C7-A92BAB11C260}
		{E9BC82AE-F9A0-4ED2-ABD0-FD52F779E4F0} = {57BFAD88-0436-438C-AF7A-D13F0D4C3870}
		{131248C9-F698-440F-A1CE-268F122FB302} = {064277DB-09B8-4CBE-81C7-A92BAB11C260}
		{0E5A371E-8190-4070-AF05-70464487A543} = {131248C9-F698-440F-A1CE-268F122FB302}
	EndGlobalSection
	GlobalSection(ExtensibilityGlobals) = postSolution
		SolutionGuid = {41886D32-3838-4B80-B874-56DF17A6168E}
	EndGlobalSection
EndGlobal
